
Microsoft Visual Studio Solution File, Format Version 12.00
# Visual Studio 15
VisualStudioVersion = 15.0.27130.2003
MinimumVisualStudioVersion = 10.0.40219.1
Project("{FAE04EC0-301F-11D3-BF4B-00C04F79EFBC}") = "GitVersioner", "GitVersioner.csproj", "{578859D0-F4D7-4CB0-BA5E-9B4C6E10587B}"
EndProject
Global
	GlobalSection(SolutionConfigurationPlatforms) = preSolution
		Debug|Any CPU = Debug|Any CPU
		Release|Any CPU = Release|Any CPU
	EndGlobalSection
	GlobalSection(ProjectConfigurationPlatforms) = postSolution
		{578859D0-F4D7-4CB0-BA5E-9B4C6E10587B}.Debug|Any CPU.ActiveCfg = Debug|Any CPU
		{578859D0-F4D7-4CB0-BA5E-9B4C6E10587B}.Debug|Any CPU.Build.0 = Debug|Any CPU
		{578859D0-F4D7-4CB0-BA5E-9B4C6E10587B}.Release|Any CPU.ActiveCfg = Release|Any CPU
		{578859D0-F4D7-4CB0-BA5E-9B4C6E10587B}.Release|Any CPU.Build.0 = Release|Any CPU
	EndGlobalSection
	GlobalSection(SolutionProperties) = preSolution
		HideSolutionNode = FALSE
	EndGlobalSection
	GlobalSection(ExtensibilityGlobals) = postSolution
		SolutionGuid = {1478417F-8C6F-4EB9-9813-73A666DFED11}
	EndGlobalSection
EndGlobal
